Microsoft Visual Studio Solution File, Format Version 12.00
# Visual Studio Version 17
VisualStudioVersion = 17.6.33815.320
MinimumVisualStudioVersion = 10.0.40219.1
Project("{FAE04EC0-301F-11D3-BF4B-00C04F79EFBC}") = "UbsPsUtPaymentGroupFrm", "UbsPsUtPaymentGroupFrm.csproj", "{8CFD5570-CF86-4055-B7A5-69BADC1BF64C}"
EndProject
Global
	GlobalSection(SolutionConfigurationPlatforms) = preSolution
		Debug|Any CPU = Debug|Any CPU
		Release|Any CPU = Release|Any CPU
	EndGlobalSection
	GlobalSection(ProjectConfigurationPlatforms) = postSolution
		{8CFD5570-CF86-4055-B7A5-69BADC1BF64C}.Debug|Any CPU.ActiveCfg = Debug|Any CPU
		{8CFD5570-CF86-4055-B7A5-69BADC1BF64C}.Debug|Any CPU.Build.0 = Debug|Any CPU
		{8CFD5570-CF86-4055-B7A5-69BADC1BF64C}.Release|Any CPU.ActiveCfg = Release|AnyCPU
		{8CFD5570-CF86-4055-B7A5-69BADC1BF64C}.Release|Any CPU.Build.0 = Release|AnyCPU
	EndGlobalSection
	GlobalSection(SolutionProperties) = preSolution
		HideSolutionNode = FALSE
	EndGlobalSection
	GlobalSection(ExtensibilityGlobals) = postSolution
		SolutionGuid = {CC806516-85A6-415C-8E1B-374195C34736}
	EndGlobalSection
EndGlobal
