
Microsoft Visual Studio Solution File, Format Version 12.00
# Visual Studio Version 17
VisualStudioVersion = 17.14.36212.18
MinimumVisualStudioVersion = 10.0.40219.1
Project("{FAE04EC0-301F-11D3-BF4B-00C04F79EFBC}") = "Features", "Features.csproj", "{8F836A4E-2931-4008-B186-9FE7EFCCCCD6}"
EndProject
Project("{FAE04EC0-301F-11D3-BF4B-00C04F79EFBC}") = "EnumeratorProj", "..\EnumeratorProj\EnumeratorProj.csproj", "{2B1B88CA-9A96-44BB-B74E-5FDDDEABD057}"
EndProject
Global
	GlobalSection(SolutionConfigurationPlatforms) = preSolution
		Debug|Any CPU = Debug|Any CPU
		Release|Any CPU = Release|Any CPU
	EndGlobalSection
	GlobalSection(ProjectConfigurationPlatforms) = postSolution
		{8F836A4E-2931-4008-B186-9FE7EFCCCCD6}.Debug|Any CPU.ActiveCfg = Debug|Any CPU
		{8F836A4E-2931-4008-B186-9FE7EFCCCCD6}.Debug|Any CPU.Build.0 = Debug|Any CPU
		{8F836A4E-2931-4008-B186-9FE7EFCCCCD6}.Release|Any CPU.ActiveCfg = Release|Any CPU
		{8F836A4E-2931-4008-B186-9FE7EFCCCCD6}.Release|Any CPU.Build.0 = Release|Any CPU
		{2B1B88CA-9A96-44BB-B74E-5FDDDEABD057}.Debug|Any CPU.ActiveCfg = Debug|Any CPU
		{2B1B88CA-9A96-44BB-B74E-5FDDDEABD057}.Debug|Any CPU.Build.0 = Debug|Any CPU
		{2B1B88CA-9A96-44BB-B74E-5FDDDEABD057}.Release|Any CPU.ActiveCfg = Release|Any CPU
		{2B1B88CA-9A96-44BB-B74E-5FDDDEABD057}.Release|Any CPU.Build.0 = Release|Any CPU
	EndGlobalSection
	GlobalSection(SolutionProperties) = preSolution
		HideSolutionNode = FALSE
	EndGlobalSection
	GlobalSection(ExtensibilityGlobals) = postSolution
		SolutionGuid = {D227F7F4-3E69-410C-AF78-6779E869A216}
	EndGlobalSection
EndGlobal
